
Microsoft Visual Studio Solution File, Format Version 12.00
Project("{FAE04EC0-301F-11D3-BF4B-00C04F79EFBC}") = "COMP003A.Assignment3", "COMP003A.Assignment3.csproj", "{09FE396B-36D6-4C8F-90E7-198EB79C819F}"
EndProject
Global
	GlobalSection(SolutionConfigurationPlatforms) = preSolution
		Debug|Any CPU = Debug|Any CPU
		Release|Any CPU = Release|Any CPU
	EndGlobalSection
	GlobalSection(ProjectConfigurationPlatforms) = postSolution
		{09FE396B-36D6-4C8F-90E7-198EB79C819F}.Debug|Any CPU.ActiveCfg = Debug|Any CPU
		{09FE396B-36D6-4C8F-90E7-198EB79C819F}.Debug|Any CPU.Build.0 = Debug|Any CPU
		{09FE396B-36D6-4C8F-90E7-198EB79C819F}.Release|Any CPU.ActiveCfg = Release|Any CPU
		{09FE396B-36D6-4C8F-90E7-198EB79C819F}.Release|Any CPU.Build.0 = Release|Any CPU
	EndGlobalSection
EndGlobal
